
Microsoft Visual Studio Solution File, Format Version 12.00
# Visual Studio Version 17
VisualStudioVersion = 17.12.35514.174
MinimumVisualStudioVersion = 10.0.40219.1
Project("{FAE04EC0-301F-11D3-BF4B-00C04F79EFBC}") = "SalaryCalculator", "SalaryCalculator\SalaryCalculator.csproj", "{4C0542FD-B7A7-4A22-A996-1DDA4567842A}"
EndProject
Project("{FAE04EC0-301F-11D3-BF4B-00C04F79EFBC}") = "SalaryCalculator.Models", "SalaryCalculator.Models\SalaryCalculator.Models.csproj", "{7708CA9B-8965-47FF-A019-B6847D178DA2}"
EndProject
Global
	GlobalSection(SolutionConfigurationPlatforms) = preSolution
		Debug|Any CPU = Debug|Any CPU
		Release|Any CPU = Release|Any CPU
	EndGlobalSection
	GlobalSection(ProjectConfigurationPlatforms) = postSolution
		{4C0542FD-B7A7-4A22-A996-1DDA4567842A}.Debug|Any CPU.ActiveCfg = Debug|Any CPU
		{4C0542FD-B7A7-4A22-A996-1DDA4567842A}.Debug|Any CPU.Build.0 = Debug|Any CPU
		{4C0542FD-B7A7-4A22-A996-1DDA4567842A}.Release|Any CPU.ActiveCfg = Release|Any CPU
		{4C0542FD-B7A7-4A22-A996-1DDA4567842A}.Release|Any CPU.Build.0 = Release|Any CPU
		{7708CA9B-8965-47FF-A019-B6847D178DA2}.Debug|Any CPU.ActiveCfg = Debug|Any CPU
		{7708CA9B-8965-47FF-A019-B6847D178DA2}.Debug|Any CPU.Build.0 = Debug|Any CPU
		{7708CA9B-8965-47FF-A019-B6847D178DA2}.Release|Any CPU.ActiveCfg = Release|Any CPU
		{7708CA9B-8965-47FF-A019-B6847D178DA2}.Release|Any CPU.Build.0 = Release|Any CPU
	EndGlobalSection
	GlobalSection(SolutionProperties) = preSolution
		HideSolutionNode = FALSE
	EndGlobalSection
EndGlobal
